{
  "version": 4,
  "terraform_version": "1.15.4",
  "serial": 1,
  "lineage": "1d01cc38-2b6f-6643-27f3-eb09b356c074",
  "outputs": {},
  "resources": [
    {
      "mode": "managed",
      "type": "local_file",
      "name": "environment_manifest",
      "provider": "provider[\"registry.terraform.io/hashicorp/local\"]",
      "instances": [
        {
          "schema_version": 0,
          "attributes": {
            "content": "{\n  \"workspace_tier\": \"Staging\",\n  \"security_framework\": \"Enhanced\",\n  \"compliance_metrics\": {\n    \"audit_log_retention_days\": 30,\n    \"credential_auto_rotation\": true\n  },\n  \"generated_by\": \"Terraform Infrastructure Engine Automation\"\n}\n",
            "content_base64": null,
            "content_base64sha256": "wAIHBAXCmkT1oYmAEpCWtFsCETM96S+F4IqXT79QRjU=",
            "content_base64sha512": "XLzmEtGRLDmh6M3Hj8SVMRin5f0yPcGEP05BKeRNghii5W1JvNTJYV5zTwJC6YHsEtagDcdZdgX6fC1oG8lMhA==",
            "content_md5": "965a0a56d5f74f4ee60b33a73be0e709",
            "content_sha1": "c3cb7419cb406d5aac7ea745f285f52f48e6938b",
            "content_sha256": "c002070405c29a44f5a18980129096b45b0211333de92f85e08a974fbf504635",
            "content_sha512": "5cbce612d1912c39a1e8cdc78fc4953118a7e5fd323dc1843f4e4129e44d8218a2e56d49bcd4c9615e734f0242e981ec12d6a00dc7597605fa7c2d681bc94c84",
            "directory_permission": "0777",
            "file_permission": "0777",
            "filename": "./builds/workspace-Staging-manifest.json",
            "id": "c3cb7419cb406d5aac7ea745f285f52f48e6938b",
            "sensitive_content": null,
            "source": null
          },
          "sensitive_attributes": [
            [
              {
                "type": "get_attr",
                "value": "sensitive_content"
              }
            ]
          ],
          "identity_schema_version": 0
        }
      ]
    }
  ],
  "check_results": null
}
